
Microsoft Visual Studio Solution File, Format Version 12.00
# Visual Studio Version 16
VisualStudioVersion = 16.0.30225.117
MinimumVisualStudioVersion = 10.0.40219.1
Project("{8BC9CEB8-8B4A-11D0-8D11-00A0C91BC942}") = "line_tool", "line_tool.vcxproj", "{1035BE8F-12E7-41E3-A8F3-F6F161575901}"
EndProject
Project("{FAE04EC0-301F-11D3-BF4B-00C04F79EFBC}") = "test_line_tool", "..\test_line_tool\test_line_tool.csproj", "{06AC508C-4547-4E94-97E1-3342E7F05491}"
EndProject
Global
	GlobalSection(SolutionConfigurationPlatforms) = preSolution
		Debug|Any CPU = Debug|Any CPU
		Debug|x64 = Debug|x64
		Debug|x86 = Debug|x86
		Release|Any CPU = Release|Any CPU
		Release|x64 = Release|x64
		Release|x86 = Release|x86
	EndGlobalSection
	GlobalSection(ProjectConfigurationPlatforms) = postSolution
		{1035BE8F-12E7-41E3-A8F3-F6F161575901}.Debug|Any CPU.ActiveCfg = Debug|Win32
		{1035BE8F-12E7-41E3-A8F3-F6F161575901}.Debug|x64.ActiveCfg = Debug|x64
		{1035BE8F-12E7-41E3-A8F3-F6F161575901}.Debug|x64.Build.0 = Debug|x64
		{1035BE8F-12E7-41E3-A8F3-F6F161575901}.Debug|x86.ActiveCfg = Debug|Win32
		{1035BE8F-12E7-41E3-A8F3-F6F161575901}.Debug|x86.Build.0 = Debug|Win32
		{1035BE8F-12E7-41E3-A8F3-F6F161575901}.Release|Any CPU.ActiveCfg = Release|Win32
		{1035BE8F-12E7-41E3-A8F3-F6F161575901}.Release|x64.ActiveCfg = Release|x64
		{1035BE8F-12E7-41E3-A8F3-F6F161575901}.Release|x64.Build.0 = Release|x64
		{1035BE8F-12E7-41E3-A8F3-F6F161575901}.Release|x86.ActiveCfg = Release|Win32
		{1035BE8F-12E7-41E3-A8F3-F6F161575901}.Release|x86.Build.0 = Release|Win32
		{06AC508C-4547-4E94-97E1-3342E7F05491}.Debug|Any CPU.ActiveCfg = Debug|Any CPU
		{06AC508C-4547-4E94-97E1-3342E7F05491}.Debug|Any CPU.Build.0 = Debug|Any CPU
		{06AC508C-4547-4E94-97E1-3342E7F05491}.Debug|x64.ActiveCfg = Debug|Any CPU
		{06AC508C-4547-4E94-97E1-3342E7F05491}.Debug|x64.Build.0 = Debug|Any CPU
		{06AC508C-4547-4E94-97E1-3342E7F05491}.Debug|x86.ActiveCfg = Debug|Any CPU
		{06AC508C-4547-4E94-97E1-3342E7F05491}.Debug|x86.Build.0 = Debug|Any CPU
		{06AC508C-4547-4E94-97E1-3342E7F05491}.Release|Any CPU.ActiveCfg = Release|Any CPU
		{06AC508C-4547-4E94-97E1-3342E7F05491}.Release|Any CPU.Build.0 = Release|Any CPU
		{06AC508C-4547-4E94-97E1-3342E7F05491}.Release|x64.ActiveCfg = Release|Any CPU
		{06AC508C-4547-4E94-97E1-3342E7F05491}.Release|x64.Build.0 = Release|Any CPU
		{06AC508C-4547-4E94-97E1-3342E7F05491}.Release|x86.ActiveCfg = Release|Any CPU
		{06AC508C-4547-4E94-97E1-3342E7F05491}.Release|x86.Build.0 = Release|Any CPU
	EndGlobalSection
	GlobalSection(SolutionProperties) = preSolution
		HideSolutionNode = FALSE
	EndGlobalSection
	GlobalSection(ExtensibilityGlobals) = postSolution
		SolutionGuid = {583180BF-727F-4E6A-9DE3-9E00E0B2EDCC}
	EndGlobalSection
EndGlobal
